
Microsoft Visual Studio Solution File, Format Version 12.00
# Visual Studio Version 17
VisualStudioVersion = 17.8.34601.278
MinimumVisualStudioVersion = 10.0.40219.1
Project("{9A19103F-16F7-4668-BE54-9A1E7A4F7556}") = "MyTeamsHub.Organization.API.Models", "src\MyTeamsHub.Organization.API.Models\MyTeamsHub.Organization.API.Models.csproj", "{AE24F280-1BC8-4DAE-8F65-EB9692ED5493}"
EndProject
Project("{9A19103F-16F7-4668-BE54-9A1E7A4F7556}") = "MyTeamsHub.Organization.API", "src\MyTeamsHub.Organization.API\MyTeamsHub.Organization.API.csproj", "{4297D798-5EC6-4173-A02A-E64A77FE2B55}"
EndProject
Project("{2150E333-8FDC-42A3-9474-1A3956D46DE8}") = "libs", "libs", "{9B36C0AE-B457-402A-9CFF-988964C63578}"
EndProject
Project("{2150E333-8FDC-42A3-9474-1A3956D46DE8}") = "src", "src", "{15C87BA0-E4A3-445C-B00E-E5AE393AD488}"
EndProject
Project("{2150E333-8FDC-42A3-9474-1A3956D46DE8}") = "tests", "tests", "{037AA236-2830-4930-9E9E-6E8DF4D504F2}"
EndProject
Project("{2150E333-8FDC-42A3-9474-1A3956D46DE8}") = "Presentation", "Presentation", "{F70C5EAA-811F-4277-8DC5-70FCCEE225E8}"
EndProject
Project("{2150E333-8FDC-42A3-9474-1A3956D46DE8}") = "Core", "Core", "{FF30B154-12CE-496A-9DF7-0AEBA59CCD6A}"
EndProject
Project("{2150E333-8FDC-42A3-9474-1A3956D46DE8}") = "Infrastructure", "Infrastructure", "{494E1CB4-2868-4632-80D4-603C97BD1548}"
EndProject
Project("{9A19103F-16F7-4668-BE54-9A1E7A4F7556}") = "MyTeamsHub.Persistence", "src\MyTeamsHub.Persistence\MyTeamsHub.Persistence.csproj", "{5B9C3A47-7007-4248-8AB0-27D0D0A6A691}"
EndProject
Project("{9A19103F-16F7-4668-BE54-9A1E7A4F7556}") = "MyTeamsHub.Persistence.Migrator", "src\MyTeamsHub.Persistence.Migrator\MyTeamsHub.Persistence.Migrator.csproj", "{C82053D4-CB37-4DCE-A155-D4FE9B81B099}"
EndProject
Project("{9A19103F-16F7-4668-BE54-9A1E7A4F7556}") = "MyTeamsHub.Persistence.Models", "src\MyTeamsHub.Persistence.Models\MyTeamsHub.Persistence.Models.csproj", "{9926B604-A992-4A0D-8580-CF558A2E7DA3}"
EndProject
Project("{9A19103F-16F7-4668-BE54-9A1E7A4F7556}") = "MyTeamsHub.APIs.Core", "src\MyTeamsHub.APIs.Core\MyTeamsHub.APIs.Core.csproj", "{57B244D0-E215-43BB-9D26-19F3D79B3643}"
EndProject
Project("{9A19103F-16F7-4668-BE54-9A1E7A4F7556}") = "MyTeamsHub.Persistence.Core", "src\MyTeamsHub.Persistence.Core\MyTeamsHub.Persistence.Core.csproj", "{E2F118F5-05B9-4A85-A7F8-E5BD69F87DBB}"
EndProject
Project("{9A19103F-16F7-4668-BE54-9A1E7A4F7556}") = "MyTeamsHub.Domain.UnitTests", "tests\MyTeamsHub.Domain.UnitTests\MyTeamsHub.Domain.UnitTests.csproj", "{CEDB100A-45B8-4276-BBDE-8939E774F9FA}"
EndProject
Project("{FAE04EC0-301F-11D3-BF4B-00C04F79EFBC}") = "MyTeamsHub.IntegrationTests", "tests\MyTeamsHub.IntegrationTests\MyTeamsHub.IntegrationTests.csproj", "{9B3CD855-FCF1-4E61-B938-6475E51D75A1}"
EndProject
Project("{E53339B2-1760-4266-BCC7-CA923CBCF16C}") = "docker-compose", "docker-compose.dcproj", "{746C37CF-326F-4C27-8DDD-B7DFAB13E766}"
EndProject
Project("{2150E333-8FDC-42A3-9474-1A3956D46DE8}") = "Solution Items", "Solution Items", "{D45EF1DF-0822-438A-9BA2-990A89E34463}"
	ProjectSection(SolutionItems) = preProject
		.editorconfig = .editorconfig
		Directory.Build.props = Directory.Build.props
		Directory.Packages.props = Directory.Packages.props
	EndProjectSection
EndProject
Project("{FAE04EC0-301F-11D3-BF4B-00C04F79EFBC}") = "MyTeamsHub.Core.Domain", "src\MyTeamsHub.Core.Domain\MyTeamsHub.Core.Domain.csproj", "{B1028818-FC59-4EDD-A209-B7743288F96A}"
EndProject
Project("{FAE04EC0-301F-11D3-BF4B-00C04F79EFBC}") = "MyTeamsHub.Core.Application", "src\MyTeamsHub.Core.Application\MyTeamsHub.Core.Application.csproj", "{27C4EAC1-42A8-4390-A37D-ADA28935A616}"
EndProject
Global
	GlobalSection(SolutionConfigurationPlatforms) = preSolution
		Debug|Any CPU = Debug|Any CPU
		Release|Any CPU = Release|Any CPU
	EndGlobalSection
	GlobalSection(ProjectConfigurationPlatforms) = postSolution
		{AE24F280-1BC8-4DAE-8F65-EB9692ED5493}.Debug|Any CPU.ActiveCfg = Debug|Any CPU
		{AE24F280-1BC8-4DAE-8F65-EB9692ED5493}.Debug|Any CPU.Build.0 = Debug|Any CPU
		{AE24F280-1BC8-4DAE-8F65-EB9692ED5493}.Release|Any CPU.ActiveCfg = Release|Any CPU
		{AE24F280-1BC8-4DAE-8F65-EB9692ED5493}.Release|Any CPU.Build.0 = Release|Any CPU
		{4297D798-5EC6-4173-A02A-E64A77FE2B55}.Debug|Any CPU.ActiveCfg = Debug|Any CPU
		{4297D798-5EC6-4173-A02A-E64A77FE2B55}.Debug|Any CPU.Build.0 = Debug|Any CPU
		{4297D798-5EC6-4173-A02A-E64A77FE2B55}.Release|Any CPU.ActiveCfg = Release|Any CPU
		{4297D798-5EC6-4173-A02A-E64A77FE2B55}.Release|Any CPU.Build.0 = Release|Any CPU
		{5B9C3A47-7007-4248-8AB0-27D0D0A6A691}.Debug|Any CPU.ActiveCfg = Debug|Any CPU
		{5B9C3A47-7007-4248-8AB0-27D0D0A6A691}.Debug|Any CPU.Build.0 = Debug|Any CPU
		{5B9C3A47-7007-4248-8AB0-27D0D0A6A691}.Release|Any CPU.ActiveCfg = Release|Any CPU
		{5B9C3A47-7007-4248-8AB0-27D0D0A6A691}.Release|Any CPU.Build.0 = Release|Any CPU
		{C82053D4-CB37-4DCE-A155-D4FE9B81B099}.Debug|Any CPU.ActiveCfg = Debug|Any CPU
		{C82053D4-CB37-4DCE-A155-D4FE9B81B099}.Debug|Any CPU.Build.0 = Debug|Any CPU
		{C82053D4-CB37-4DCE-A155-D4FE9B81B099}.Release|Any CPU.ActiveCfg = Release|Any CPU
		{C82053D4-CB37-4DCE-A155-D4FE9B81B099}.Release|Any CPU.Build.0 = Release|Any CPU
		{9926B604-A992-4A0D-8580-CF558A2E7DA3}.Debug|Any CPU.ActiveCfg = Debug|Any CPU
		{9926B604-A992-4A0D-8580-CF558A2E7DA3}.Debug|Any CPU.Build.0 = Debug|Any CPU
		{9926B604-A992-4A0D-8580-CF558A2E7DA3}.Release|Any CPU.ActiveCfg = Release|Any CPU
		{9926B604-A992-4A0D-8580-CF558A2E7DA3}.Release|Any CPU.Build.0 = Release|Any CPU
		{57B244D0-E215-43BB-9D26-19F3D79B3643}.Debug|Any CPU.ActiveCfg = Debug|Any CPU
		{57B244D0-E215-43BB-9D26-19F3D79B3643}.Debug|Any CPU.Build.0 = Debug|Any CPU
		{57B244D0-E215-43BB-9D26-19F3D79B3643}.Release|Any CPU.ActiveCfg = Release|Any CPU
		{57B244D0-E215-43BB-9D26-19F3D79B3643}.Release|Any CPU.Build.0 = Release|Any CPU
		{E2F118F5-05B9-4A85-A7F8-E5BD69F87DBB}.Debug|Any CPU.ActiveCfg = Debug|Any CPU
		{E2F118F5-05B9-4A85-A7F8-E5BD69F87DBB}.Debug|Any CPU.Build.0 = Debug|Any CPU
		{E2F118F5-05B9-4A85-A7F8-E5BD69F87DBB}.Release|Any CPU.ActiveCfg = Release|Any CPU
		{E2F118F5-05B9-4A85-A7F8-E5BD69F87DBB}.Release|Any CPU.Build.0 = Release|Any CPU
		{CEDB100A-45B8-4276-BBDE-8939E774F9FA}.Debug|Any CPU.ActiveCfg = Debug|Any CPU
		{CEDB100A-45B8-4276-BBDE-8939E774F9FA}.Debug|Any CPU.Build.0 = Debug|Any CPU
		{CEDB100A-45B8-4276-BBDE-8939E774F9FA}.Release|Any CPU.ActiveCfg = Release|Any CPU
		{CEDB100A-45B8-4276-BBDE-8939E774F9FA}.Release|Any CPU.Build.0 = Release|Any CPU
		{9B3CD855-FCF1-4E61-B938-6475E51D75A1}.Debug|Any CPU.ActiveCfg = Debug|Any CPU
		{9B3CD855-FCF1-4E61-B938-6475E51D75A1}.Debug|Any CPU.Build.0 = Debug|Any CPU
		{9B3CD855-FCF1-4E61-B938-6475E51D75A1}.Release|Any CPU.ActiveCfg = Release|Any CPU
		{9B3CD855-FCF1-4E61-B938-6475E51D75A1}.Release|Any CPU.Build.0 = Release|Any CPU
		{746C37CF-326F-4C27-8DDD-B7DFAB13E766}.Debug|Any CPU.ActiveCfg = Debug|Any CPU
		{746C37CF-326F-4C27-8DDD-B7DFAB13E766}.Debug|Any CPU.Build.0 = Debug|Any CPU
		{746C37CF-326F-4C27-8DDD-B7DFAB13E766}.Release|Any CPU.ActiveCfg = Release|Any CPU
		{746C37CF-326F-4C27-8DDD-B7DFAB13E766}.Release|Any CPU.Build.0 = Release|Any CPU
		{B1028818-FC59-4EDD-A209-B7743288F96A}.Debug|Any CPU.ActiveCfg = Debug|Any CPU
		{B1028818-FC59-4EDD-A209-B7743288F96A}.Debug|Any CPU.Build.0 = Debug|Any CPU
		{B1028818-FC59-4EDD-A209-B7743288F96A}.Release|Any CPU.ActiveCfg = Release|Any CPU
		{B1028818-FC59-4EDD-A209-B7743288F96A}.Release|Any CPU.Build.0 = Release|Any CPU
		{27C4EAC1-42A8-4390-A37D-ADA28935A616}.Debug|Any CPU.ActiveCfg = Debug|Any CPU
		{27C4EAC1-42A8-4390-A37D-ADA28935A616}.Debug|Any CPU.Build.0 = Debug|Any CPU
		{27C4EAC1-42A8-4390-A37D-ADA28935A616}.Release|Any CPU.ActiveCfg = Release|Any CPU
		{27C4EAC1-42A8-4390-A37D-ADA28935A616}.Release|Any CPU.Build.0 = Release|Any CPU
	EndGlobalSection
	GlobalSection(SolutionProperties) = preSolution
		HideSolutionNode = FALSE
	EndGlobalSection
	GlobalSection(NestedProjects) = preSolution
		{AE24F280-1BC8-4DAE-8F65-EB9692ED5493} = {F70C5EAA-811F-4277-8DC5-70FCCEE225E8}
		{4297D798-5EC6-4173-A02A-E64A77FE2B55} = {F70C5EAA-811F-4277-8DC5-70FCCEE225E8}
		{F70C5EAA-811F-4277-8DC5-70FCCEE225E8} = {15C87BA0-E4A3-445C-B00E-E5AE393AD488}
		{FF30B154-12CE-496A-9DF7-0AEBA59CCD6A} = {15C87BA0-E4A3-445C-B00E-E5AE393AD488}
		{494E1CB4-2868-4632-80D4-603C97BD1548} = {15C87BA0-E4A3-445C-B00E-E5AE393AD488}
		{5B9C3A47-7007-4248-8AB0-27D0D0A6A691} = {494E1CB4-2868-4632-80D4-603C97BD1548}
		{C82053D4-CB37-4DCE-A155-D4FE9B81B099} = {494E1CB4-2868-4632-80D4-603C97BD1548}
		{9926B604-A992-4A0D-8580-CF558A2E7DA3} = {494E1CB4-2868-4632-80D4-603C97BD1548}
		{57B244D0-E215-43BB-9D26-19F3D79B3643} = {9B36C0AE-B457-402A-9CFF-988964C63578}
		{E2F118F5-05B9-4A85-A7F8-E5BD69F87DBB} = {9B36C0AE-B457-402A-9CFF-988964C63578}
		{CEDB100A-45B8-4276-BBDE-8939E774F9FA} = {037AA236-2830-4930-9E9E-6E8DF4D504F2}
		{9B3CD855-FCF1-4E61-B938-6475E51D75A1} = {037AA236-2830-4930-9E9E-6E8DF4D504F2}
		{B1028818-FC59-4EDD-A209-B7743288F96A} = {FF30B154-12CE-496A-9DF7-0AEBA59CCD6A}
		{27C4EAC1-42A8-4390-A37D-ADA28935A616} = {FF30B154-12CE-496A-9DF7-0AEBA59CCD6A}
	EndGlobalSection
	GlobalSection(ExtensibilityGlobals) = postSolution
		SolutionGuid = {CCF1F07C-3AD7-48AF-88F4-9FD0A5A3D565}
	EndGlobalSection
EndGlobal
